Microsoft Visual Studio Solution File, Format Version 11.00
# Visual Studio 2008

Project("{E964EDC9-0783-08F3-F48E-E419464747D0}") = "TNT002-DeplacementEtRotationAvecLaSouris-FINAL", "Assembly-CSharp.csproj", "{CD8DF5DD-17F7-7DA8-61EA-C5F6657FB6A9}"
EndProject
Global
	GlobalSection(SolutionConfigurationPlatforms) = preSolution
		Debug|Any CPU = Debug|Any CPU
		Release|Any CPU = Release|Any CPU
	EndGlobalSection
	GlobalSection(ProjectConfigurationPlatforms) = postSolution
		{CD8DF5DD-17F7-7DA8-61EA-C5F6657FB6A9}.Debug|Any CPU.ActiveCfg = Debug|Any CPU
		{CD8DF5DD-17F7-7DA8-61EA-C5F6657FB6A9}.Debug|Any CPU.Build.0 = Debug|Any CPU
		{CD8DF5DD-17F7-7DA8-61EA-C5F6657FB6A9}.Release|Any CPU.ActiveCfg = Release|Any CPU
		{CD8DF5DD-17F7-7DA8-61EA-C5F6657FB6A9}.Release|Any CPU.Build.0 = Release|Any CPU
	EndGlobalSection
	GlobalSection(SolutionProperties) = preSolution
		HideSolutionNode = FALSE
	EndGlobalSection
	GlobalSection(MonoDevelopProperties) = preSolution
		StartupItem = Assembly-CSharp.csproj
	EndGlobalSection
EndGlobal
